
Microsoft Visual Studio Solution File, Format Version 12.00
# Visual Studio Version 16
VisualStudioVersion = 16.0.31112.23
MinimumVisualStudioVersion = 10.0.40219.1
Project("{FAE04EC0-301F-11D3-BF4B-00C04F79EFBC}") = "CodeTest.Nasa", "CodeTest.Nasa\CodeTest.Nasa.csproj", "{6BD7EF73-D3D5-44FC-8016-3D3E822E5F32}"
EndProject
Global
	GlobalSection(SolutionConfigurationPlatforms) = preSolution
		Debug|Any CPU = Debug|Any CPU
		Release|Any CPU = Release|Any CPU
	EndGlobalSection
	GlobalSection(ProjectConfigurationPlatforms) = postSolution
		{6BD7EF73-D3D5-44FC-8016-3D3E822E5F32}.Debug|Any CPU.ActiveCfg = Debug|Any CPU
		{6BD7EF73-D3D5-44FC-8016-3D3E822E5F32}.Debug|Any CPU.Build.0 = Debug|Any CPU
		{6BD7EF73-D3D5-44FC-8016-3D3E822E5F32}.Release|Any CPU.ActiveCfg = Release|Any CPU
		{6BD7EF73-D3D5-44FC-8016-3D3E822E5F32}.Release|Any CPU.Build.0 = Release|Any CPU
	EndGlobalSection
	GlobalSection(SolutionProperties) = preSolution
		HideSolutionNode = FALSE
	EndGlobalSection
	GlobalSection(ExtensibilityGlobals) = postSolution
		SolutionGuid = {D05CAB65-2B2C-42EE-9405-8CFDE6D1C8EC}
	EndGlobalSection
EndGlobal
